
Microsoft Visual Studio Solution File, Format Version 12.00
# Visual Studio Version 17
VisualStudioVersion = 17.12.35527.113 d17.12
MinimumVisualStudioVersion = 10.0.40219.1
Project("{E24C65DC-7377-472B-9ABA-BC803B73C61A}") = "CutBook.V2", "..\", "{A88D63AA-7377-43C7-A759-EFD0E66DD995}"
	ProjectSection(WebsiteProperties) = preProject
		TargetFrameworkMoniker = ".NETFramework,Version%3Dv4.8"
		Debug.AspNetCompiler.VirtualPath = "/localhost_54632"
		Debug.AspNetCompiler.PhysicalPath = "..\..\..\OneDrive\Desktop\RON\הנדסת תוכנה\CutBook\CutBook.V2\"
		Debug.AspNetCompiler.TargetPath = "PrecompiledWeb\localhost_54632\"
		Debug.AspNetCompiler.Updateable = "true"
		Debug.AspNetCompiler.ForceOverwrite = "true"
		Debug.AspNetCompiler.FixedNames = "false"
		Debug.AspNetCompiler.Debug = "True"
		Release.AspNetCompiler.VirtualPath = "/localhost_54632"
		Release.AspNetCompiler.PhysicalPath = "..\..\..\OneDrive\Desktop\RON\הנדסת תוכנה\CutBook\CutBook.V2\"
		Release.AspNetCompiler.TargetPath = "PrecompiledWeb\localhost_54632\"
		Release.AspNetCompiler.Updateable = "true"
		Release.AspNetCompiler.ForceOverwrite = "true"
		Release.AspNetCompiler.FixedNames = "false"
		Release.AspNetCompiler.Debug = "False"
		VWDPort = "54632"
	EndProjectSection
EndProject
Global
	GlobalSection(SolutionConfigurationPlatforms) = preSolution
		Debug|Any CPU = Debug|Any CPU
	EndGlobalSection
	GlobalSection(ProjectConfigurationPlatforms) = postSolution
		{A88D63AA-7377-43C7-A759-EFD0E66DD995}.Debug|Any CPU.ActiveCfg = Debug|Any CPU
		{A88D63AA-7377-43C7-A759-EFD0E66DD995}.Debug|Any CPU.Build.0 = Debug|Any CPU
	EndGlobalSection
	GlobalSection(SolutionProperties) = preSolution
		HideSolutionNode = FALSE
	EndGlobalSection
EndGlobal
